
Microsoft Visual Studio Solution File, Format Version 12.00
# Visual Studio 15
Project("{FAE04EC0-301F-11D3-BF4B-00C04F79EFBC}") = "Assembly-CSharp", "Assembly-CSharp.csproj", "{ADDF9A28-7C45-70B3-5F82-1836849C2B3E}"
EndProject
Project("{FAE04EC0-301F-11D3-BF4B-00C04F79EFBC}") = "Assembly-CSharp-Editor", "Assembly-CSharp-Editor.csproj", "{B1D79126-7B76-7F00-7DCD-2969F5ED2294}"
EndProject
Global
	GlobalSection(SolutionConfigurationPlatforms) = preSolution
		Debug|Any CPU = Debug|Any CPU
		Release|Any CPU = Release|Any CPU
	EndGlobalSection
	GlobalSection(ProjectConfigurationPlatforms) = postSolution
		{ADDF9A28-7C45-70B3-5F82-1836849C2B3E}.Debug|Any CPU.ActiveCfg = Debug|Any CPU
		{ADDF9A28-7C45-70B3-5F82-1836849C2B3E}.Debug|Any CPU.Build.0 = Debug|Any CPU
		{ADDF9A28-7C45-70B3-5F82-1836849C2B3E}.Release|Any CPU.ActiveCfg = Release|Any CPU
		{ADDF9A28-7C45-70B3-5F82-1836849C2B3E}.Release|Any CPU.Build.0 = Release|Any CPU
		{B1D79126-7B76-7F00-7DCD-2969F5ED2294}.Debug|Any CPU.ActiveCfg = Debug|Any CPU
		{B1D79126-7B76-7F00-7DCD-2969F5ED2294}.Debug|Any CPU.Build.0 = Debug|Any CPU
		{B1D79126-7B76-7F00-7DCD-2969F5ED2294}.Release|Any CPU.ActiveCfg = Release|Any CPU
		{B1D79126-7B76-7F00-7DCD-2969F5ED2294}.Release|Any CPU.Build.0 = Release|Any CPU
	EndGlobalSection
	GlobalSection(SolutionProperties) = preSolution
		HideSolutionNode = FALSE
	EndGlobalSection
EndGlobal
